
Microsoft Visual Studio Solution File, Format Version 12.00
# Visual Studio Version 16
VisualStudioVersion = 16.0.30503.244
MinimumVisualStudioVersion = 10.0.40219.1
Project("{FAE04EC0-301F-11D3-BF4B-00C04F79EFBC}") = "Integration Testing", "Integration Testing.csproj", "{F791637D-A7FA-462C-89E7-E5E0823041AB}"
EndProject
Global
	GlobalSection(SolutionConfigurationPlatforms) = preSolution
		Debug|Any CPU = Debug|Any CPU
		Release|Any CPU = Release|Any CPU
	EndGlobalSection
	GlobalSection(ProjectConfigurationPlatforms) = postSolution
		{F791637D-A7FA-462C-89E7-E5E0823041AB}.Debug|Any CPU.ActiveCfg = Debug|Any CPU
		{F791637D-A7FA-462C-89E7-E5E0823041AB}.Debug|Any CPU.Build.0 = Debug|Any CPU
		{F791637D-A7FA-462C-89E7-E5E0823041AB}.Release|Any CPU.ActiveCfg = Release|Any CPU
		{F791637D-A7FA-462C-89E7-E5E0823041AB}.Release|Any CPU.Build.0 = Release|Any CPU
	EndGlobalSection
	GlobalSection(SolutionProperties) = preSolution
		HideSolutionNode = FALSE
	EndGlobalSection
	GlobalSection(ExtensibilityGlobals) = postSolution
		SolutionGuid = {80867E47-488B-478D-B0EC-209B306AC863}
	EndGlobalSection
EndGlobal
